
Microsoft Visual Studio Solution File, Format Version 12.00
# Visual Studio Version 17
VisualStudioVersion = 17.13.35913.81 d17.13
MinimumVisualStudioVersion = 10.0.40219.1
Project("{FAE04EC0-301F-11D3-BF4B-00C04F79EFBC}") = "Opinion-on-Quotes", "Opinion-on-Quotes\Opinion-on-Quotes.csproj", "{4648FE92-EA61-4F03-A782-324AA261FDFF}"
EndProject
Global
	GlobalSection(SolutionConfigurationPlatforms) = preSolution
		Debug|Any CPU = Debug|Any CPU
		Release|Any CPU = Release|Any CPU
	EndGlobalSection
	GlobalSection(ProjectConfigurationPlatforms) = postSolution
		{4648FE92-EA61-4F03-A782-324AA261FDFF}.Debug|Any CPU.ActiveCfg = Debug|Any CPU
		{4648FE92-EA61-4F03-A782-324AA261FDFF}.Debug|Any CPU.Build.0 = Debug|Any CPU
		{4648FE92-EA61-4F03-A782-324AA261FDFF}.Release|Any CPU.ActiveCfg = Release|Any CPU
		{4648FE92-EA61-4F03-A782-324AA261FDFF}.Release|Any CPU.Build.0 = Release|Any CPU
	EndGlobalSection
	GlobalSection(SolutionProperties) = preSolution
		HideSolutionNode = FALSE
	EndGlobalSection
	GlobalSection(ExtensibilityGlobals) = postSolution
		SolutionGuid = {B783A64F-7F8F-49CE-ABFB-63673A639DE2}
	EndGlobalSection
EndGlobal
